
Microsoft Visual Studio Solution File, Format Version 12.00
# Visual Studio Version 17
VisualStudioVersion = 17.5.33627.172
MinimumVisualStudioVersion = 10.0.40219.1
Project("{FAE04EC0-301F-11D3-BF4B-00C04F79EFBC}") = "MelonLoader.Installer.App", "App\MelonLoader.Installer.App.csproj", "{CFB81A38-9B76-42EE-BDBA-A5D2CB5CF878}"
EndProject
Project("{9A19103F-16F7-4668-BE54-9A1E7A4F7556}") = "MelonLoader.Installer.Core", "Core\MelonLoader.Installer.Core.csproj", "{AA826443-47DC-49AE-8942-411757C3F380}"
EndProject
Global
	GlobalSection(SolutionConfigurationPlatforms) = preSolution
		Debug|Any CPU = Debug|Any CPU
		Release|Any CPU = Release|Any CPU
	EndGlobalSection
	GlobalSection(ProjectConfigurationPlatforms) = postSolution
		{CFB81A38-9B76-42EE-BDBA-A5D2CB5CF878}.Debug|Any CPU.ActiveCfg = Debug|Any CPU
		{CFB81A38-9B76-42EE-BDBA-A5D2CB5CF878}.Debug|Any CPU.Build.0 = Debug|Any CPU
		{CFB81A38-9B76-42EE-BDBA-A5D2CB5CF878}.Debug|Any CPU.Deploy.0 = Debug|Any CPU
		{CFB81A38-9B76-42EE-BDBA-A5D2CB5CF878}.Release|Any CPU.ActiveCfg = Release|Any CPU
		{CFB81A38-9B76-42EE-BDBA-A5D2CB5CF878}.Release|Any CPU.Build.0 = Release|Any CPU
		{CFB81A38-9B76-42EE-BDBA-A5D2CB5CF878}.Release|Any CPU.Deploy.0 = Release|Any CPU
		{AA826443-47DC-49AE-8942-411757C3F380}.Debug|Any CPU.ActiveCfg = Debug|Any CPU
		{AA826443-47DC-49AE-8942-411757C3F380}.Debug|Any CPU.Build.0 = Debug|Any CPU
		{AA826443-47DC-49AE-8942-411757C3F380}.Release|Any CPU.ActiveCfg = Release|Any CPU
		{AA826443-47DC-49AE-8942-411757C3F380}.Release|Any CPU.Build.0 = Release|Any CPU
	EndGlobalSection
	GlobalSection(SolutionProperties) = preSolution
		HideSolutionNode = FALSE
	EndGlobalSection
	GlobalSection(ExtensibilityGlobals) = postSolution
		SolutionGuid = {6874D3CD-C324-4F9C-A38E-91A5EE49F456}
	EndGlobalSection
EndGlobal
